
Microsoft Visual Studio Solution File, Format Version 12.00
# Visual Studio Version 16
VisualStudioVersion = 16.0.29201.188
MinimumVisualStudioVersion = 10.0.40219.1
Project("{FAE04EC0-301F-11D3-BF4B-00C04F79EFBC}") = "Estrutura de Dados", "Estrutura de Dados\Estrutura de Dados.csproj", "{1227A2FE-E407-4604-B2E9-6BA85BA95131}"
EndProject
Global
	GlobalSection(SolutionConfigurationPlatforms) = preSolution
		Debug|Any CPU = Debug|Any CPU
		Release|Any CPU = Release|Any CPU
	EndGlobalSection
	GlobalSection(ProjectConfigurationPlatforms) = postSolution
		{1227A2FE-E407-4604-B2E9-6BA85BA95131}.Debug|Any CPU.ActiveCfg = Debug|Any CPU
		{1227A2FE-E407-4604-B2E9-6BA85BA95131}.Debug|Any CPU.Build.0 = Debug|Any CPU
		{1227A2FE-E407-4604-B2E9-6BA85BA95131}.Release|Any CPU.ActiveCfg = Release|Any CPU
		{1227A2FE-E407-4604-B2E9-6BA85BA95131}.Release|Any CPU.Build.0 = Release|Any CPU
	EndGlobalSection
	GlobalSection(SolutionProperties) = preSolution
		HideSolutionNode = FALSE
	EndGlobalSection
	GlobalSection(ExtensibilityGlobals) = postSolution
		SolutionGuid = {3165C43C-EC39-460E-9E95-56196CA39AC3}
	EndGlobalSection
EndGlobal
