
Microsoft Visual Studio Solution File, Format Version 12.00
# Visual Studio Version 16
VisualStudioVersion = 16.0.29201.188
MinimumVisualStudioVersion = 10.0.40219.1
Project("{FAE04EC0-301F-11D3-BF4B-00C04F79EFBC}") = "Recursividade", "Recursividade\Recursividade.csproj", "{7A6323BA-DD1E-4057-9690-B7EAA2F419E6}"
EndProject
Global
	GlobalSection(SolutionConfigurationPlatforms) = preSolution
		Debug|Any CPU = Debug|Any CPU
		Release|Any CPU = Release|Any CPU
	EndGlobalSection
	GlobalSection(ProjectConfigurationPlatforms) = postSolution
		{7A6323BA-DD1E-4057-9690-B7EAA2F419E6}.Debug|Any CPU.ActiveCfg = Debug|Any CPU
		{7A6323BA-DD1E-4057-9690-B7EAA2F419E6}.Debug|Any CPU.Build.0 = Debug|Any CPU
		{7A6323BA-DD1E-4057-9690-B7EAA2F419E6}.Release|Any CPU.ActiveCfg = Release|Any CPU
		{7A6323BA-DD1E-4057-9690-B7EAA2F419E6}.Release|Any CPU.Build.0 = Release|Any CPU
	EndGlobalSection
	GlobalSection(SolutionProperties) = preSolution
		HideSolutionNode = FALSE
	EndGlobalSection
	GlobalSection(ExtensibilityGlobals) = postSolution
		SolutionGuid = {5C7409B2-1E1D-419A-8275-679A2BE89611}
	EndGlobalSection
EndGlobal
